PODS:
  - YDPay (1.0)

DEPENDENCIES:
  - YDPay (from `../YDPay.podspec`)

EXTERNAL SOURCES:
  YDPay:
    :podspec: "../YDPay.podspec"

CHECKOUT OPTIONS:
  YDPay:
    :commit: 4a5b2f96cc653859b51408feb557c60f4e76a830
    :git: https://github.com/DataEye/YDPay.git

SPEC CHECKSUMS:
  YDPay: 443f57502ad115c6d048c53f5335db4e3a433003

PODFILE CHECKSUM: a36a39e6dfccf93222c66c7e0929476643c8a0a2

COCOAPODS: 1.1.1
